
Microsoft Visual Studio Solution File, Format Version 12.00
# Visual Studio 15
VisualStudioVersion = 15.0.28307.960
MinimumVisualStudioVersion = 10.0.40219.1
Project("{FAE04EC0-301F-11D3-BF4B-00C04F79EFBC}") = "WDAClient", "WDA\WDAClient.csproj", "{EBC16549-4AF2-4D80-9F37-746A4D924ED4}"
EndProject
Global
	GlobalSection(SolutionConfigurationPlatforms) = preSolution
		Debug|Any CPU = Debug|Any CPU
		Release|Any CPU = Release|Any CPU
	EndGlobalSection
	GlobalSection(ProjectConfigurationPlatforms) = postSolution
		{EBC16549-4AF2-4D80-9F37-746A4D924ED4}.Debug|Any CPU.ActiveCfg = Debug|Any CPU
		{EBC16549-4AF2-4D80-9F37-746A4D924ED4}.Debug|Any CPU.Build.0 = Debug|Any CPU
		{EBC16549-4AF2-4D80-9F37-746A4D924ED4}.Release|Any CPU.ActiveCfg = Release|Any CPU
		{EBC16549-4AF2-4D80-9F37-746A4D924ED4}.Release|Any CPU.Build.0 = Release|Any CPU
	EndGlobalSection
	GlobalSection(SolutionProperties) = preSolution
		HideSolutionNode = FALSE
	EndGlobalSection
	GlobalSection(ExtensibilityGlobals) = postSolution
		SolutionGuid = {8784291C-32BD-4A3E-BEF4-D7407D00A9D0}
	EndGlobalSection
EndGlobal
